
Microsoft Visual Studio Solution File, Format Version 12.00
# Visual Studio 15
VisualStudioVersion = 15.0.27130.2027
MinimumVisualStudioVersion = 10.0.40219.1
Project("{FAE04EC0-301F-11D3-BF4B-00C04F79EFBC}") = "MyAzureApp", "MyAzureApp\MyAzureApp.csproj", "{878091C5-CAFD-4152-A977-F88157A4E75C}"
EndProject
Global
	GlobalSection(SolutionConfigurationPlatforms) = preSolution
		Debug|Any CPU = Debug|Any CPU
		Release|Any CPU = Release|Any CPU
	EndGlobalSection
	GlobalSection(ProjectConfigurationPlatforms) = postSolution
		{878091C5-CAFD-4152-A977-F88157A4E75C}.Debug|Any CPU.ActiveCfg = Debug|Any CPU
		{878091C5-CAFD-4152-A977-F88157A4E75C}.Debug|Any CPU.Build.0 = Debug|Any CPU
		{878091C5-CAFD-4152-A977-F88157A4E75C}.Release|Any CPU.ActiveCfg = Release|Any CPU
		{878091C5-CAFD-4152-A977-F88157A4E75C}.Release|Any CPU.Build.0 = Release|Any CPU
	EndGlobalSection
	GlobalSection(SolutionProperties) = preSolution
		HideSolutionNode = FALSE
	EndGlobalSection
	GlobalSection(ExtensibilityGlobals) = postSolution
		SolutionGuid = {3A345D8C-0BBB-406B-965D-570FDC3AE84F}
	EndGlobalSection
EndGlobal
